<?xml version="1.0" encoding="utf-8"?>
<Project ToolsVersion="4.0" xmlns="http://schemas.microsoft.com/developer/msbuild/2003">
  <ItemGroup>
    <Filter Include="Source Files">
      <UniqueIdentifier>{4FC737F1-C7A5-4376-A066-2A32D752A2FF}</UniqueIdentifier>
      <Extensions>cpp;c;cc;cxx;c++;cppm;ixx;def;odl;idl;hpj;bat;asm;asmx</Extensions>
    </Filter>
    <Filter Include="Header Files">
      <UniqueIdentifier>{93995380-89BD-4b04-88EB-625FBE52EBFB}</UniqueIdentifier>
      <Extensions>h;hh;hpp;hxx;h++;hm;inl;inc;ipp;xsd</Extensions>
    </Filter>
    <Filter Include="Resource Files">
      <UniqueIdentifier>{67DA6AB6-F800-4c08-8B7A-83BB121AAD01}</UniqueIdentifier>
      <Extensions>rc;ico;cur;bmp;dlg;rc2;rct;bin;rgs;gif;jpg;jpeg;jpe;resx;tiff;tif;png;wav;mfcribbon-ms</Extensions>
    </Filter>
    <Filter Include="Header Files\base">
      <UniqueIdentifier>{5f756bb6-dc43-4bd0-a05e-13ff4058c605}</UniqueIdentifier>
    </Filter>
    <Filter Include="Header Files\WindowBrushDialog">
      <UniqueIdentifier>{fd06e43c-5097-4c57-9123-4fe81fed4280}</UniqueIdentifier>
    </Filter>
    <Filter Include="Source Files\WindowBrushDialog">
      <UniqueIdentifier>{5eaa1e48-21f9-458b-be87-241cc56d3335}</UniqueIdentifier>
    </Filter>
    <Filter Include="Source Files\ColorDialog">
      <UniqueIdentifier>{9b8efd2e-88f7-461a-85fb-961891da3a66}</UniqueIdentifier>
    </Filter>
    <Filter Include="Header Files\ColorDialog">
      <UniqueIdentifier>{aa850421-18f4-4e16-b13f-d1b4814b5d3d}</UniqueIdentifier>
    </Filter>
  </ItemGroup>
  <ItemGroup>
    <ClCompile Include="src\WindowBrush.cpp">
      <Filter>Source Files</Filter>
    </ClCompile>
    <ClCompile Include="src\Utility.cpp">
      <Filter>Source Files</Filter>
    </ClCompile>
    <ClCompile Include="src\WindowBrushDialog.cpp">
      <Filter>Source Files\WindowBrushDialog</Filter>
    </ClCompile>
    <ClCompile Include="src\ColorDialog.cpp">
      <Filter>Source Files\ColorDialog</Filter>
    </ClCompile>
    <ClCompile Include="src\ButtonShape.cpp">
      <Filter>Source Files\WindowBrushDialog</Filter>
    </ClCompile>
    <ClCompile Include="src\ColorD2D.cpp">
      <Filter>Source Files\ColorDialog</Filter>
    </ClCompile>
  </ItemGroup>
  <ItemGroup>
    <ClInclude Include="include\framework.h">
      <Filter>Header Files</Filter>
    </ClInclude>
    <ClInclude Include="include\Resource.h">
      <Filter>Header Files</Filter>
    </ClInclude>
    <ClInclude Include="include\targetver.h">
      <Filter>Header Files</Filter>
    </ClInclude>
    <ClInclude Include="include\base\ApplicationCore.h">
      <Filter>Header Files\base</Filter>
    </ClInclude>
    <ClInclude Include="include\base\ColorPalette.h">
      <Filter>Header Files\base</Filter>
    </ClInclude>
    <ClInclude Include="include\base\Direct2D.h">
      <Filter>Header Files\base</Filter>
    </ClInclude>
    <ClInclude Include="include\base\Direct2DEx.h">
      <Filter>Header Files\base</Filter>
    </ClInclude>
    <ClInclude Include="include\base\WindowDialog.h">
      <Filter>Header Files\base</Filter>
    </ClInclude>
    <ClInclude Include="include\Utility.h">
      <Filter>Header Files</Filter>
    </ClInclude>
    <ClInclude Include="include\WindowBrushDialog.h">
      <Filter>Header Files\WindowBrushDialog</Filter>
    </ClInclude>
    <ClInclude Include="include\ColorDialog.h">
      <Filter>Header Files\ColorDialog</Filter>
    </ClInclude>
    <ClInclude Include="include\ButtonShape.h">
      <Filter>Header Files\WindowBrushDialog</Filter>
    </ClInclude>
    <ClInclude Include="include\ColorD2D.h">
      <Filter>Header Files\ColorDialog</Filter>
    </ClInclude>
  </ItemGroup>
  <ItemGroup>
    <ResourceCompile Include="WindowBrush.rc">
      <Filter>Resource Files</Filter>
    </ResourceCompile>
  </ItemGroup>
  <ItemGroup>
    <Image Include="resource\WindowBrush.ico">
      <Filter>Resource Files</Filter>
    </Image>
    <Image Include="..\zoomIn-win32\resource\small.ico">
      <Filter>Resource Files</Filter>
    </Image>
  </ItemGroup>
</Project>